
Microsoft Visual Studio Solution File, Format Version 12.00
# Visual Studio Version 17
VisualStudioVersion = 17.9.34714.143
MinimumVisualStudioVersion = 10.0.40219.1
Project("{FAE04EC0-301F-11D3-BF4B-00C04F79EFBC}") = "BetterStacks", "BetterStacks\BetterStacks.csproj", "{52C98F44-C9E9-4B11-AEA9-72122C85114E}"
EndProject
Global
	GlobalSection(SolutionConfigurationPlatforms) = preSolution
		Debug|Any CPU = Debug|Any CPU
		Release|Any CPU = Release|Any CPU
	EndGlobalSection
	GlobalSection(ProjectConfigurationPlatforms) = postSolution
		{52C98F44-C9E9-4B11-AEA9-72122C85114E}.Debug|Any CPU.ActiveCfg = Debug|Any CPU
		{52C98F44-C9E9-4B11-AEA9-72122C85114E}.Debug|Any CPU.Build.0 = Debug|Any CPU
		{52C98F44-C9E9-4B11-AEA9-72122C85114E}.Release|Any CPU.ActiveCfg = Release|Any CPU
		{52C98F44-C9E9-4B11-AEA9-72122C85114E}.Release|Any CPU.Build.0 = Release|Any CPU
	EndGlobalSection
	GlobalSection(SolutionProperties) = preSolution
		HideSolutionNode = FALSE
	EndGlobalSection
	GlobalSection(ExtensibilityGlobals) = postSolution
		SolutionGuid = {64EACA11-2E78-40F7-8B63-FD2A39C1F1F8}
	EndGlobalSection
EndGlobal
